// !$*UTF8*$!
{
	archiveVersion = 1;
	classes = {
	};
	objectVersion = 50;
	objects = {

/* Begin PBXBuildFile section */
		2C6D3940213B05C300C97786 /* AppDelegate.m in Sources */ = {isa = PBXBuildFile; fileRef = 2C6D393F213B05C300C97786 /* AppDelegate.m */; };
		2C6D3943213B05C300C97786 /* ViewController.m in Sources */ = {isa = PBXBuildFile; fileRef = 2C6D3942213B05C300C97786 /* ViewController.m */; };
		2C6D3946213B05C300C97786 /* Main.storyboard in Resources */ = {isa = PBXBuildFile; fileRef = 2C6D3944213B05C300C97786 /* Main.storyboard */; };
		2C6D3948213B05C400C97786 /* Assets.xcassets in Resources */ = {isa = PBXBuildFile; fileRef = 2C6D3947213B05C400C97786 /* Assets.xcassets */; };
		2C6D394B213B05C400C97786 /* LaunchScreen.storyboard in Resources */ = {isa = PBXBuildFile; fileRef = 2C6D3949213B05C400C97786 /* LaunchScreen.storyboard */; };
		2C6D394E213B05C400C97786 /* main.m in Sources */ = {isa = PBXBuildFile; fileRef = 2C6D394D213B05C400C97786 /* main.m */; };
		2C6D3956213B05E200C97786 /* EGBStudent.m in Sources */ = {isa = PBXBuildFile; fileRef = 2C6D3955213B05E200C97786 /* EGBStudent.m */; };
/* End PBXBuildFile section */

/* Begin PBXFileReference section */
		2C6D393B213B05C300C97786 /* 16TimeHW.app */ = {isa = PBXFileReference; explicitFileType = wrapper.application; includeInIndex = 0; path = 16TimeHW.app; sourceTree = BUILT_PRODUCTS_DIR; };
		2C6D393E213B05C300C97786 /* AppDelegate.h */ = {isa = PBXFileReference; lastKnownFileType = sourcecode.c.h; path = AppDelegate.h; sourceTree = "<group>"; };
		2C6D393F213B05C300C97786 /* AppDelegate.m */ = {isa = PBXFileReference; lastKnownFileType = sourcecode.c.objc; path = AppDelegate.m; sourceTree = "<group>"; };
		2C6D3941213B05C300C97786 /* ViewController.h */ = {isa = PBXFileReference; lastKnownFileType = sourcecode.c.h; path = ViewController.h; sourceTree = "<group>"; };
		2C6D3942213B05C300C97786 /* ViewController.m */ = {isa = PBXFileReference; lastKnownFileType = sourcecode.c.objc; path = ViewController.m; sourceTree = "<group>"; };
		2C6D3945213B05C300C97786 /* Base */ = {isa = PBXFileReference; lastKnownFileType = file.storyboard; name = Base; path = Base.lproj/Main.storyboard; sourceTree = "<group>"; };
		2C6D3947213B05C400C97786 /* Assets.xcassets */ = {isa = PBXFileReference; lastKnownFileType = folder.assetcatalog; path = Assets.xcassets; sourceTree = "<group>"; };
		2C6D394A213B05C400C97786 /* Base */ = {isa = PBXFileReference; lastKnownFileType = file.storyboard; name = Base; path = Base.lproj/LaunchScreen.storyboard; sourceTree = "<group>"; };
		2C6D394C213B05C400C97786 /* Info.plist */ = {isa = PBXFileReference; lastKnownFileType = text.plist.xml; path = Info.plist; sourceTree = "<group>"; };
		2C6D394D213B05C400C97786 /* main.m */ = {isa = PBXFileReference; lastKnownFileType = sourcecode.c.objc; path = main.m; sourceTree = "<group>"; };
		2C6D3954213B05E200C97786 /* EGBStudent.h */ = {isa = PBXFileReference; lastKnownFileType = sourcecode.c.h; path = EGBStudent.h; sourceTree = "<group>"; };
		2C6D3955213B05E200C97786 /* EGBStudent.m */ = {isa = PBXFileReference; lastKnownFileType = sourcecode.c.objc; path = EGBStudent.m; sourceTree = "<group>"; };
/* End PBXFileReference section */

/* Begin PBXFrameworksBuildPhase section */
		2C6D3938213B05C300C97786 /* Frameworks */ = {
			isa = PBXFrameworksBuildPhase;
			buildActionMask = 2147483647;
			files = (
			);
			runOnlyForDeploymentPostprocessing = 0;
		};
/* End PBXFrameworksBuildPhase section */

/* Begin PBXGroup section */
		2C6D3932213B05C300C97786 = {
			isa = PBXGroup;
			children = (
				2C6D393D213B05C300C97786 /* 16TimeHW */,
				2C6D393C213B05C300C97786 /* Products */,
			);
			sourceTree = "<group>";
		};
		2C6D393C213B05C300C97786 /* Products */ = {
			isa = PBXGroup;
			children = (
				2C6D393B213B05C300C97786 /* 16TimeHW.app */,
			);
			name = Products;
			sourceTree = "<group>";
		};
		2C6D393D213B05C300C97786 /* 16TimeHW */ = {
			isa = PBXGroup;
			children = (
				2C6D3954213B05E200C97786 /* EGBStudent.h */,
				2C6D3955213B05E200C97786 /* EGBStudent.m */,
				2C6D393E213B05C300C97786 /* AppDelegate.h */,
				2C6D393F213B05C300C97786 /* AppDelegate.m */,
				2C6D3941213B05C300C97786 /* ViewController.h */,
				2C6D3942213B05C300C97786 /* ViewController.m */,
				2C6D3944213B05C300C97786 /* Main.storyboard */,
				2C6D3947213B05C400C97786 /* Assets.xcassets */,
				2C6D3949213B05C400C97786 /* LaunchScreen.storyboard */,
				2C6D394C213B05C400C97786 /* Info.plist */,
				2C6D394D213B05C400C97786 /* main.m */,
			);
			path = 16TimeHW;
			sourceTree = "<group>";
		};
/* End PBXGroup section */

/* Begin PBXNativeTarget section */
		2C6D393A213B05C300C97786 /* 16TimeHW */ = {
			isa = PBXNativeTarget;
			buildConfigurationList = 2C6D3951213B05C400C97786 /* Build configuration list for PBXNativeTarget "16TimeHW" */;
			buildPhases = (
				2C6D3937213B05C300C97786 /* Sources */,
				2C6D3938213B05C300C97786 /* Frameworks */,
				2C6D3939213B05C300C97786 /* Resources */,
			);
			buildRules = (
			);
			dependencies = (
			);
			name = 16TimeHW;
			productName = 16TimeHW;
			productReference = 2C6D393B213B05C300C97786 /* 16TimeHW.app */;
			productType = "com.apple.product-type.application";
		};
/* End PBXNativeTarget section */

/* Begin PBXProject section */
		2C6D3933213B05C300C97786 /* Project object */ = {
			isa = PBXProject;
			attributes = {
				LastUpgradeCheck = 0940;
				ORGANIZATIONNAME = "Eduard Galchenko";
				TargetAttributes = {
					2C6D393A213B05C300C97786 = {
						CreatedOnToolsVersion = 9.4.1;
					};
				};
			};
			buildConfigurationList = 2C6D3936213B05C300C97786 /* Build configuration list for PBXProject "16TimeHW" */;
			compatibilityVersion = "Xcode 9.3";
			developmentRegion = en;
			hasScannedForEncodings = 0;
			knownRegions = (
				en,
				Base,
			);
			mainGroup = 2C6D3932213B05C300C97786;
			productRefGroup = 2C6D393C213B05C300C97786 /* Products */;
			projectDirPath = "";
			projectRoot = "";
			targets = (
				2C6D393A213B05C300C97786 /* 16TimeHW */,
			);
		};
/* End PBXProject section */

/* Begin PBXResourcesBuildPhase section */
		2C6D3939213B05C300C97786 /* Resources */ = {
			isa = PBXResourcesBuildPhase;
			buildActionMask = 2147483647;
			files = (
				2C6D394B213B05C400C97786 /* LaunchScreen.storyboard in Resources */,
				2C6D3948213B05C400C97786 /* Assets.xcassets in Resources */,
				2C6D3946213B05C300C97786 /* Main.storyboard in Resources */,
			);
			runOnlyForDeploymentPostprocessing = 0;
		};
/* End PBXResourcesBuildPhase section */

/* Begin PBXSourcesBuildPhase section */
		2C6D3937213B05C300C97786 /* Sources */ = {
			isa = PBXSourcesBuildPhase;
			buildActionMask = 2147483647;
			files = (
				2C6D3956213B05E200C97786 /* EGBStudent.m in Sources */,
				2C6D3943213B05C300C97786 /* ViewController.m in Sources */,
				2C6D394E213B05C400C97786 /* main.m in Sources */,
				2C6D3940213B05C300C97786 /* AppDelegate.m in Sources */,
			);
			runOnlyForDeploymentPostprocessing = 0;
		};
/* End PBXSourcesBuildPhase section */

/* Begin PBXVariantGroup section */
		2C6D3944213B05C300C97786 /* Main.storyboard */ = {
			isa = PBXVariantGroup;
			children = (
				2C6D3945213B05C300C97786 /* Base */,
			);
			name = Main.storyboard;
			sourceTree = "<group>";
		};
		2C6D3949213B05C400C97786 /* LaunchScreen.storyboard */ = {
			isa = PBXVariantGroup;
			children = (
				2C6D394A213B05C400C97786 /* Base */,
			);
			name = LaunchScreen.storyboard;
			sourceTree = "<group>";
		};
/* End PBXVariantGroup section */

/* Begin XCBuildConfiguration section */
		2C6D394F213B05C400C97786 /* Debug */ = {
			isa = XCBuildConfiguration;
			buildSettings = {
				ALWAYS_SEARCH_USER_PATHS = NO;
				CLANG_ANALYZER_NONNULL = YES;
				CLANG_ANALYZER_NUMBER_OBJECT_CONVERSION = YES_AGGRESSIVE;
				CLANG_CXX_LANGUAGE_STANDARD = "gnu++14";
				CLANG_CXX_LIBRARY = "libc++";
				CLANG_ENABLE_MODULES = YES;
				CLANG_ENABLE_OBJC_ARC = YES;
				CLANG_ENABLE_OBJC_WEAK = YES;
				CLANG_WARN_BLOCK_CAPTURE_AUTORELEASING = YES;
				CLANG_WARN_BOOL_CONVERSION = YES;
				CLANG_WARN_COMMA = YES;
				CLANG_WARN_CONSTANT_CONVERSION = YES;
				CLANG_WARN_DEPRECATED_OBJC_IMPLEMENTATIONS = YES;
				CLANG_WARN_DIRECT_OBJC_ISA_USAGE = YES_ERROR;
				CLANG_WARN_DOCUMENTATION_COMMENTS = YES;
				CLANG_WARN_EMPTY_BODY = YES;
				CLANG_WARN_ENUM_CONVERSION = YES;
				CLANG_WARN_INFINITE_RECURSION = YES;
				CLANG_WARN_INT_CONVERSION = YES;
				CLANG_WARN_NON_LITERAL_NULL_CONVERSION = YES;
				CLANG_WARN_OBJC_IMPLICIT_RETAIN_SELF = YES;
				CLANG_WARN_OBJC_LITERAL_CONVERSION = YES;
				CLANG_WARN_OBJC_ROOT_CLASS = YES_ERROR;
				CLANG_WARN_RANGE_LOOP_ANALYSIS = YES;
				CLANG_WARN_STRICT_PROTOTYPES = YES;
				CLANG_WARN_SUSPICIOUS_MOVE = YES;
				CLANG_WARN_UNGUARDED_AVAILABILITY = YES_AGGRESSIVE;
				CLANG_WARN_UNREACHABLE_CODE = YES;
				CLANG_WARN__DUPLICATE_METHOD_MATCH = YES;
				CODE_SIGN_IDENTITY = "iPhone Developer";
				COPY_PHASE_STRIP = NO;
				DEBUG_INFORMATION_FORMAT = dwarf;
				ENABLE_STRICT_OBJC_MSGSEND = YES;
				ENABLE_TESTABILITY = YES;
				GCC_C_LANGUAGE_STANDARD = gnu11;
				GCC_DYNAMIC_NO_PIC = NO;
				GCC_NO_COMMON_BLOCKS = YES;
				GCC_OPTIMIZATION_LEVEL = 0;
				GCC_PREPROCESSOR_DEFINITIONS = (
					"DEBUG=1",
					"$(inherited)",
				);
				GCC_WARN_64_TO_32_BIT_CONVERSION = YES;
				GCC_WARN_ABOUT_RETURN_TYPE = YES_ERROR;
				GCC_WARN_UNDECLARED_SELECTOR = YES;
				GCC_WARN_UNINITIALIZED_AUTOS = YES_AGGRESSIVE;
				GCC_WARN_UNUSED_FUNCTION = YES;
				GCC_WARN_UNUSED_VARIABLE = YES;
				IPHONEOS_DEPLOYMENT_TARGET = 11.4;
				MTL_ENABLE_DEBUG_INFO = YES;
				ONLY_ACTIVE_ARCH = YES;
				SDKROOT = iphoneos;
			};
			name = Debug;
		};
		2C6D3950213B05C400C97786 /* Release */ = {
			isa = XCBuildConfiguration;
			buildSettings = {
				ALWAYS_SEARCH_USER_PATHS = NO;
				CLANG_ANALYZER_NONNULL = YES;
				CLANG_ANALYZER_NUMBER_OBJECT_CONVERSION = YES_AGGRESSIVE;
				CLANG_CXX_LANGUAGE_STANDARD = "gnu++14";
				CLANG_CXX_LIBRARY = "libc++";
				CLANG_ENABLE_MODULES = YES;
				CLANG_ENABLE_OBJC_ARC = YES;
				CLANG_ENABLE_OBJC_WEAK = YES;
				CLANG_WARN_BLOCK_CAPTURE_AUTORELEASING = YES;
				CLANG_WARN_BOOL_CONVERSION = YES;
				CLANG_WARN_COMMA = YES;
				CLANG_WARN_CONSTANT_CONVERSION = YES;
				CLANG_WARN_DEPRECATED_OBJC_IMPLEMENTATIONS = YES;
				CLANG_WARN_DIRECT_OBJC_ISA_USAGE = YES_ERROR;
				CLANG_WARN_DOCUMENTATION_COMMENTS = YES;
				CLANG_WARN_EMPTY_BODY = YES;
				CLANG_WARN_ENUM_CONVERSION = YES;
				CLANG_WARN_INFINITE_RECURSION = YES;
				CLANG_WARN_INT_CONVERSION = YES;
				CLANG_WARN_NON_LITERAL_NULL_CONVERSION = YES;
				CLANG_WARN_OBJC_IMPLICIT_RETAIN_SELF = YES;
				CLANG_WARN_OBJC_LITERAL_CONVERSION = YES;
				CLANG_WARN_OBJC_ROOT_CLASS = YES_ERROR;
				CLANG_WARN_RANGE_LOOP_ANALYSIS = YES;
				CLANG_WARN_STRICT_PROTOTYPES = YES;
				CLANG_WARN_SUSPICIOUS_MOVE = YES;
				CLANG_WARN_UNGUARDED_AVAILABILITY = YES_AGGRESSIVE;
				CLANG_WARN_UNREACHABLE_CODE = YES;
				CLANG_WARN__DUPLICATE_METHOD_MATCH = YES;
				CODE_SIGN_IDENTITY = "iPhone Developer";
				COPY_PHASE_STRIP = NO;
				DEBUG_INFORMATION_FORMAT = "dwarf-with-dsym";
				ENABLE_NS_ASSERTIONS = NO;
				ENABLE_STRICT_OBJC_MSGSEND = YES;
				GCC_C_LANGUAGE_STANDARD = gnu11;
				GCC_NO_COMMON_BLOCKS = YES;
				GCC_WARN_64_TO_32_BIT_CONVERSION = YES;
				GCC_WARN_ABOUT_RETURN_TYPE = YES_ERROR;
				GCC_WARN_UNDECLARED_SELECTOR = YES;
				GCC_WARN_UNINITIALIZED_AUTOS = YES_AGGRESSIVE;
				GCC_WARN_UNUSED_FUNCTION = YES;
				GCC_WARN_UNUSED_VARIABLE = YES;
				IPHONEOS_DEPLOYMENT_TARGET = 11.4;
				MTL_ENABLE_DEBUG_INFO = NO;
				SDKROOT = iphoneos;
				VALIDATE_PRODUCT = YES;
			};
			name = Release;
		};
		2C6D3952213B05C400C97786 /* Debug */ = {
			isa = XCBuildConfiguration;
			buildSettings = {
				ASSETCATALOG_COMPILER_APPICON_NAME = AppIcon;
				CODE_SIGN_STYLE = Automatic;
				DEVELOPMENT_TEAM = Z8345E68DL;
				INFOPLIST_FILE = 16TimeHW/Info.plist;
				LD_RUNPATH_SEARCH_PATHS = (
					"$(inherited)",
					"@executable_path/Frameworks",
				);
				PRODUCT_BUNDLE_IDENTIFIER = "EGB.-6TimeHW";
				PRODUCT_NAME = "$(TARGET_NAME)";
				TARGETED_DEVICE_FAMILY = "1,2";
			};
			name = Debug;
		};
		2C6D3953213B05C400C97786 /* Release */ = {
			isa = XCBuildConfiguration;
			buildSettings = {
				ASSETCATALOG_COMPILER_APPICON_NAME = AppIcon;
				CODE_SIGN_STYLE = Automatic;
				DEVELOPMENT_TEAM = Z8345E68DL;
				INFOPLIST_FILE = 16TimeHW/Info.plist;
				LD_RUNPATH_SEARCH_PATHS = (
					"$(inherited)",
					"@executable_path/Frameworks",
				);
				PRODUCT_BUNDLE_IDENTIFIER = "EGB.-6TimeHW";
				PRODUCT_NAME = "$(TARGET_NAME)";
				TARGETED_DEVICE_FAMILY = "1,2";
			};
			name = Release;
		};
/* End XCBuildConfiguration section */

/* Begin XCConfigurationList section */
		2C6D3936213B05C300C97786 /* Build configuration list for PBXProject "16TimeHW" */ = {
			isa = XCConfigurationList;
			buildConfigurations = (
				2C6D394F213B05C400C97786 /* Debug */,
				2C6D3950213B05C400C97786 /* Release */,
			);
			defaultConfigurationIsVisible = 0;
			defaultConfigurationName = Release;
		};
		2C6D3951213B05C400C97786 /* Build configuration list for PBXNativeTarget "16TimeHW" */ = {
			isa = XCConfigurationList;
			buildConfigurations = (
				2C6D3952213B05C400C97786 /* Debug */,
				2C6D3953213B05C400C97786 /* Release */,
			);
			defaultConfigurationIsVisible = 0;
			defaultConfigurationName = Release;
		};
/* End XCConfigurationList section */
	};
	rootObject = 2C6D3933213B05C300C97786 /* Project object */;
}
